// !$*UTF8*$!
{
	archiveVersion = 1;
	classes = {
	};
	objectVersion = 46;
	objects = {

/* Begin PBXBuildFile section */
		44AE9F208A0A5DE9C7790C0C /* Pods_iosCapstone.framework in Frameworks */ = {isa = PBXBuildFile; fileRef = 45EADEC9CF320334EEBFD9A8 /* Pods_iosCapstone.framework */; };
		9C0B0C0A1DA4018F009EAB6D /* AppDelegate.swift in Sources */ = {isa = PBXBuildFile; fileRef = 9C0B0C091DA4018F009EAB6D /* AppDelegate.swift */; };
		9C0B0C0C1DA4018F009EAB6D /* ViewController.swift in Sources */ = {isa = PBXBuildFile; fileRef = 9C0B0C0B1DA4018F009EAB6D /* ViewController.swift */; };
		9C0B0C0F1DA4018F009EAB6D /* Main.storyboard in Resources */ = {isa = PBXBuildFile; fileRef = 9C0B0C0D1DA4018F009EAB6D /* Main.storyboard */; };
		9C0B0C111DA4018F009EAB6D /* Assets.xcassets in Resources */ = {isa = PBXBuildFile; fileRef = 9C0B0C101DA4018F009EAB6D /* Assets.xcassets */; };
		9C0B0C141DA4018F009EAB6D /* LaunchScreen.storyboard in Resources */ = {isa = PBXBuildFile; fileRef = 9C0B0C121DA4018F009EAB6D /* LaunchScreen.storyboard */; };
		9C0B0C1E1DA4083A009EAB6D /* DashboardController.swift in Sources */ = {isa = PBXBuildFile; fileRef = 9C0B0C1D1DA4083A009EAB6D /* DashboardController.swift */; };
		9C0B0C201DA4088E009EAB6D /* LoginViewController.swift in Sources */ = {isa = PBXBuildFile; fileRef = 9C0B0C1F1DA4088E009EAB6D /* LoginViewController.swift */; };
		9C0B0C261DA41055009EAB6D /* ActivityCell.swift in Sources */ = {isa = PBXBuildFile; fileRef = 9C0B0C251DA41055009EAB6D /* ActivityCell.swift */; };
		9C0B0C2A1DA4BFEC009EAB6D /* ActView.swift in Sources */ = {isa = PBXBuildFile; fileRef = 9C0B0C291DA4BFEC009EAB6D /* ActView.swift */; };
		9C0B0C2C1DA4E2C3009EAB6D /* CollectionViewCell.swift in Sources */ = {isa = PBXBuildFile; fileRef = 9C0B0C2B1DA4E2C3009EAB6D /* CollectionViewCell.swift */; };
		9C0B0C2E1DA4E393009EAB6D /* ImageViewController.swift in Sources */ = {isa = PBXBuildFile; fileRef = 9C0B0C2D1DA4E393009EAB6D /* ImageViewController.swift */; };
		9C10C63D1DAC63610077C5A1 /* Help.swift in Sources */ = {isa = PBXBuildFile; fileRef = 9C10C63C1DAC63600077C5A1 /* Help.swift */; };
		9C10C63F1DACAC490077C5A1 /* keys.swift in Sources */ = {isa = PBXBuildFile; fileRef = 9C10C63E1DACAC490077C5A1 /* keys.swift */; };
/* End PBXBuildFile section */

/* Begin PBXFileReference section */
		44F2782C1AF79BF48BA14301 /* Pods-iosCapstone.debug.xcconfig */ = {isa = PBXFileReference; includeInIndex = 1; lastKnownFileType = text.xcconfig; name = "Pods-iosCapstone.debug.xcconfig"; path = "Pods/Target Support Files/Pods-iosCapstone/Pods-iosCapstone.debug.xcconfig"; sourceTree = "<group>"; };
		45EADEC9CF320334EEBFD9A8 /* Pods_iosCapstone.framework */ = {isa = PBXFileReference; explicitFileType = wrapper.framework; includeInIndex = 0; path = Pods_iosCapstone.framework; sourceTree = BUILT_PRODUCTS_DIR; };
		49B7881D2F7B463359FDC890 /* Pods-iosCapstone.release.xcconfig */ = {isa = PBXFileReference; includeInIndex = 1; lastKnownFileType = text.xcconfig; name = "Pods-iosCapstone.release.xcconfig"; path = "Pods/Target Support Files/Pods-iosCapstone/Pods-iosCapstone.release.xcconfig"; sourceTree = "<group>"; };
		9C0B0C061DA4018E009EAB6D /* iosCapstone.app */ = {isa = PBXFileReference; explicitFileType = wrapper.application; includeInIndex = 0; path = iosCapstone.app; sourceTree = BUILT_PRODUCTS_DIR; };
		9C0B0C091DA4018F009EAB6D /* AppDelegate.swift */ = {isa = PBXFileReference; lastKnownFileType = sourcecode.swift; path = AppDelegate.swift; sourceTree = "<group>"; };
		9C0B0C0B1DA4018F009EAB6D /* ViewController.swift */ = {isa = PBXFileReference; lastKnownFileType = sourcecode.swift; path = ViewController.swift; sourceTree = "<group>"; };
		9C0B0C0E1DA4018F009EAB6D /* Base */ = {isa = PBXFileReference; lastKnownFileType = file.storyboard; name = Base; path = Base.lproj/Main.storyboard; sourceTree = "<group>"; };
		9C0B0C101DA4018F009EAB6D /* Assets.xcassets */ = {isa = PBXFileReference; lastKnownFileType = folder.assetcatalog; path = Assets.xcassets; sourceTree = "<group>"; };
		9C0B0C131DA4018F009EAB6D /* Base */ = {isa = PBXFileReference; lastKnownFileType = file.storyboard; name = Base; path = Base.lproj/LaunchScreen.storyboard; sourceTree = "<group>"; };
		9C0B0C151DA4018F009EAB6D /* Info.plist */ = {isa = PBXFileReference; lastKnownFileType = text.plist.xml; path = Info.plist; sourceTree = "<group>"; };
		9C0B0C1D1DA4083A009EAB6D /* DashboardController.swift */ = {isa = PBXFileReference; fileEncoding = 4; lastKnownFileType = sourcecode.swift; path = DashboardController.swift; sourceTree = "<group>"; };
		9C0B0C1F1DA4088E009EAB6D /* LoginViewController.swift */ = {isa = PBXFileReference; fileEncoding = 4; lastKnownFileType = sourcecode.swift; path = LoginViewController.swift; sourceTree = "<group>"; };
		9C0B0C251DA41055009EAB6D /* ActivityCell.swift */ = {isa = PBXFileReference; fileEncoding = 4; lastKnownFileType = sourcecode.swift; path = ActivityCell.swift; sourceTree = "<group>"; };
		9C0B0C291DA4BFEC009EAB6D /* ActView.swift */ = {isa = PBXFileReference; fileEncoding = 4; lastKnownFileType = sourcecode.swift; path = ActView.swift; sourceTree = "<group>"; };
		9C0B0C2B1DA4E2C3009EAB6D /* CollectionViewCell.swift */ = {isa = PBXFileReference; fileEncoding = 4; lastKnownFileType = sourcecode.swift; path = CollectionViewCell.swift; sourceTree = "<group>"; };
		9C0B0C2D1DA4E393009EAB6D /* ImageViewController.swift */ = {isa = PBXFileReference; fileEncoding = 4; lastKnownFileType = sourcecode.swift; path = ImageViewController.swift; sourceTree = "<group>"; };
		9C10C63C1DAC63600077C5A1 /* Help.swift */ = {isa = PBXFileReference; fileEncoding = 4; lastKnownFileType = sourcecode.swift; path = Help.swift; sourceTree = "<group>"; };
		9C10C63E1DACAC490077C5A1 /* keys.swift */ = {isa = PBXFileReference; fileEncoding = 4; lastKnownFileType = sourcecode.swift; path = keys.swift; sourceTree = "<group>"; };
/* End PBXFileReference section */

/* Begin PBXFrameworksBuildPhase section */
		9C0B0C031DA4018E009EAB6D /* Frameworks */ = {
			isa = PBXFrameworksBuildPhase;
			buildActionMask = 2147483647;
			files = (
				44AE9F208A0A5DE9C7790C0C /* Pods_iosCapstone.framework in Frameworks */,
			);
			runOnlyForDeploymentPostprocessing = 0;
		};
/* End PBXFrameworksBuildPhase section */

/* Begin PBXGroup section */
		22158064F7AD0DBAC82EECAE /* Pods */ = {
			isa = PBXGroup;
			children = (
				44F2782C1AF79BF48BA14301 /* Pods-iosCapstone.debug.xcconfig */,
				49B7881D2F7B463359FDC890 /* Pods-iosCapstone.release.xcconfig */,
			);
			name = Pods;
			sourceTree = "<group>";
		};
		9C0B0BFD1DA4018E009EAB6D = {
			isa = PBXGroup;
			children = (
				9C0B0C081DA4018F009EAB6D /* iosCapstone */,
				9C0B0C071DA4018E009EAB6D /* Products */,
				22158064F7AD0DBAC82EECAE /* Pods */,
				FD9993CD5AA7B475B1BB9DB7 /* Frameworks */,
			);
			sourceTree = "<group>";
		};
		9C0B0C071DA4018E009EAB6D /* Products */ = {
			isa = PBXGroup;
			children = (
				9C0B0C061DA4018E009EAB6D /* iosCapstone.app */,
			);
			name = Products;
			sourceTree = "<group>";
		};
		9C0B0C081DA4018F009EAB6D /* iosCapstone */ = {
			isa = PBXGroup;
			children = (
				9C0B0C091DA4018F009EAB6D /* AppDelegate.swift */,
				9C0B0C0B1DA4018F009EAB6D /* ViewController.swift */,
				9C0B0C2B1DA4E2C3009EAB6D /* CollectionViewCell.swift */,
				9C0B0C2D1DA4E393009EAB6D /* ImageViewController.swift */,
				9C0B0C0D1DA4018F009EAB6D /* Main.storyboard */,
				9C10C63C1DAC63600077C5A1 /* Help.swift */,
				9C0B0C291DA4BFEC009EAB6D /* ActView.swift */,
				9C0B0C1F1DA4088E009EAB6D /* LoginViewController.swift */,
				9C0B0C1D1DA4083A009EAB6D /* DashboardController.swift */,
				9C10C63E1DACAC490077C5A1 /* keys.swift */,
				9C0B0C101DA4018F009EAB6D /* Assets.xcassets */,
				9C0B0C121DA4018F009EAB6D /* LaunchScreen.storyboard */,
				9C0B0C151DA4018F009EAB6D /* Info.plist */,
				9C0B0C251DA41055009EAB6D /* ActivityCell.swift */,
			);
			path = iosCapstone;
			sourceTree = "<group>";
		};
		FD9993CD5AA7B475B1BB9DB7 /* Frameworks */ = {
			isa = PBXGroup;
			children = (
				45EADEC9CF320334EEBFD9A8 /* Pods_iosCapstone.framework */,
			);
			name = Frameworks;
			sourceTree = "<group>";
		};
/* End PBXGroup section */

/* Begin PBXNativeTarget section */
		9C0B0C051DA4018E009EAB6D /* iosCapstone */ = {
			isa = PBXNativeTarget;
			buildConfigurationList = 9C0B0C181DA4018F009EAB6D /* Build configuration list for PBXNativeTarget "iosCapstone" */;
			buildPhases = (
				BE19C581008D5780DC41C0FE /* [CP] Check Pods Manifest.lock */,
				9C0B0C021DA4018E009EAB6D /* Sources */,
				9C0B0C031DA4018E009EAB6D /* Frameworks */,
				9C0B0C041DA4018E009EAB6D /* Resources */,
				D3644EED48AD4F73082AF1B7 /* [CP] Embed Pods Frameworks */,
				9D9D8545AD18749C05ACE47F /* [CP] Copy Pods Resources */,
			);
			buildRules = (
			);
			dependencies = (
			);
			name = iosCapstone;
			productName = iosCapstone;
			productReference = 9C0B0C061DA4018E009EAB6D /* iosCapstone.app */;
			productType = "com.apple.product-type.application";
		};
/* End PBXNativeTarget section */

/* Begin PBXProject section */
		9C0B0BFE1DA4018E009EAB6D /* Project object */ = {
			isa = PBXProject;
			attributes = {
				LastSwiftUpdateCheck = 0730;
				LastUpgradeCheck = 0730;
				ORGANIZATIONNAME = "Adriana Galvez";
				TargetAttributes = {
					9C0B0C051DA4018E009EAB6D = {
						CreatedOnToolsVersion = 7.3.1;
					};
				};
			};
			buildConfigurationList = 9C0B0C011DA4018E009EAB6D /* Build configuration list for PBXProject "iosCapstone" */;
			compatibilityVersion = "Xcode 3.2";
			developmentRegion = English;
			hasScannedForEncodings = 0;
			knownRegions = (
				en,
				Base,
			);
			mainGroup = 9C0B0BFD1DA4018E009EAB6D;
			productRefGroup = 9C0B0C071DA4018E009EAB6D /* Products */;
			projectDirPath = "";
			projectRoot = "";
			targets = (
				9C0B0C051DA4018E009EAB6D /* iosCapstone */,
			);
		};
/* End PBXProject section */

/* Begin PBXResourcesBuildPhase section */
		9C0B0C041DA4018E009EAB6D /* Resources */ = {
			isa = PBXResourcesBuildPhase;
			buildActionMask = 2147483647;
			files = (
				9C0B0C141DA4018F009EAB6D /* LaunchScreen.storyboard in Resources */,
				9C0B0C111DA4018F009EAB6D /* Assets.xcassets in Resources */,
				9C0B0C0F1DA4018F009EAB6D /* Main.storyboard in Resources */,
			);
			runOnlyForDeploymentPostprocessing = 0;
		};
/* End PBXResourcesBuildPhase section */

/* Begin PBXShellScriptBuildPhase section */
		9D9D8545AD18749C05ACE47F /* [CP] Copy Pods Resources */ = {
			isa = PBXShellScriptBuildPhase;
			buildActionMask = 2147483647;
			files = (
			);
			inputPaths = (
			);
			name = "[CP] Copy Pods Resources";
			outputPaths = (
			);
			runOnlyForDeploymentPostprocessing = 0;
			shellPath = /bin/sh;
			shellScript = "\"${SRCROOT}/Pods/Target Support Files/Pods-iosCapstone/Pods-iosCapstone-resources.sh\"\n";
			showEnvVarsInLog = 0;
		};
		BE19C581008D5780DC41C0FE /* [CP] Check Pods Manifest.lock */ = {
			isa = PBXShellScriptBuildPhase;
			buildActionMask = 2147483647;
			files = (
			);
			inputPaths = (
			);
			name = "[CP] Check Pods Manifest.lock";
			outputPaths = (
			);
			runOnlyForDeploymentPostprocessing = 0;
			shellPath = /bin/sh;
			shellScript = "diff \"${PODS_ROOT}/../Podfile.lock\" \"${PODS_ROOT}/Manifest.lock\" > /dev/null\nif [[ $? != 0 ]] ; then\n    cat << EOM\nerror: The sandbox is not in sync with the Podfile.lock. Run 'pod install' or update your CocoaPods installation.\nEOM\n    exit 1\nfi\n";
			showEnvVarsInLog = 0;
		};
		D3644EED48AD4F73082AF1B7 /* [CP] Embed Pods Frameworks */ = {
			isa = PBXShellScriptBuildPhase;
			buildActionMask = 2147483647;
			files = (
			);
			inputPaths = (
			);
			name = "[CP] Embed Pods Frameworks";
			outputPaths = (
			);
			runOnlyForDeploymentPostprocessing = 0;
			shellPath = /bin/sh;
			shellScript = "\"${SRCROOT}/Pods/Target Support Files/Pods-iosCapstone/Pods-iosCapstone-frameworks.sh\"\n";
			showEnvVarsInLog = 0;
		};
/* End PBXShellScriptBuildPhase section */

/* Begin PBXSourcesBuildPhase section */
		9C0B0C021DA4018E009EAB6D /* Sources */ = {
			isa = PBXSourcesBuildPhase;
			buildActionMask = 2147483647;
			files = (
				9C0B0C201DA4088E009EAB6D /* LoginViewController.swift in Sources */,
				9C0B0C0C1DA4018F009EAB6D /* ViewController.swift in Sources */,
				9C10C63D1DAC63610077C5A1 /* Help.swift in Sources */,
				9C0B0C261DA41055009EAB6D /* ActivityCell.swift in Sources */,
				9C0B0C2C1DA4E2C3009EAB6D /* CollectionViewCell.swift in Sources */,
				9C10C63F1DACAC490077C5A1 /* keys.swift in Sources */,
				9C0B0C2A1DA4BFEC009EAB6D /* ActView.swift in Sources */,
				9C0B0C1E1DA4083A009EAB6D /* DashboardController.swift in Sources */,
				9C0B0C2E1DA4E393009EAB6D /* ImageViewController.swift in Sources */,
				9C0B0C0A1DA4018F009EAB6D /* AppDelegate.swift in Sources */,
			);
			runOnlyForDeploymentPostprocessing = 0;
		};
/* End PBXSourcesBuildPhase section */

/* Begin PBXVariantGroup section */
		9C0B0C0D1DA4018F009EAB6D /* Main.storyboard */ = {
			isa = PBXVariantGroup;
			children = (
				9C0B0C0E1DA4018F009EAB6D /* Base */,
			);
			name = Main.storyboard;
			sourceTree = "<group>";
		};
		9C0B0C121DA4018F009EAB6D /* LaunchScreen.storyboard */ = {
			isa = PBXVariantGroup;
			children = (
				9C0B0C131DA4018F009EAB6D /* Base */,
			);
			name = LaunchScreen.storyboard;
			sourceTree = "<group>";
		};
/* End PBXVariantGroup section */

/* Begin XCBuildConfiguration section */
		9C0B0C161DA4018F009EAB6D /* Debug */ = {
			isa = XCBuildConfiguration;
			buildSettings = {
				ALWAYS_SEARCH_USER_PATHS = NO;
				CLANG_ANALYZER_NONNULL = YES;
				CLANG_CXX_LANGUAGE_STANDARD = "gnu++0x";
				CLANG_CXX_LIBRARY = "libc++";
				CLANG_ENABLE_MODULES = YES;
				CLANG_ENABLE_OBJC_ARC = YES;
				CLANG_WARN_BOOL_CONVERSION = YES;
				CLANG_WARN_CONSTANT_CONVERSION = YES;
				CLANG_WARN_DIRECT_OBJC_ISA_USAGE = YES_ERROR;
				CLANG_WARN_EMPTY_BODY = YES;
				CLANG_WARN_ENUM_CONVERSION = YES;
				CLANG_WARN_INT_CONVERSION = YES;
				CLANG_WARN_OBJC_ROOT_CLASS = YES_ERROR;
				CLANG_WARN_UNREACHABLE_CODE = YES;
				CLANG_WARN__DUPLICATE_METHOD_MATCH = YES;
				"CODE_SIGN_IDENTITY[sdk=iphoneos*]" = "iPhone Developer";
				COPY_PHASE_STRIP = NO;
				DEBUG_INFORMATION_FORMAT = dwarf;
				ENABLE_STRICT_OBJC_MSGSEND = YES;
				ENABLE_TESTABILITY = YES;
				GCC_C_LANGUAGE_STANDARD = gnu99;
				GCC_DYNAMIC_NO_PIC = NO;
				GCC_NO_COMMON_BLOCKS = YES;
				GCC_OPTIMIZATION_LEVEL = 0;
				GCC_PREPROCESSOR_DEFINITIONS = (
					"DEBUG=1",
					"$(inherited)",
				);
				GCC_WARN_64_TO_32_BIT_CONVERSION = YES;
				GCC_WARN_ABOUT_RETURN_TYPE = YES_ERROR;
				GCC_WARN_UNDECLARED_SELECTOR = YES;
				GCC_WARN_UNINITIALIZED_AUTOS = YES_AGGRESSIVE;
				GCC_WARN_UNUSED_FUNCTION = YES;
				GCC_WARN_UNUSED_VARIABLE = YES;
				IPHONEOS_DEPLOYMENT_TARGET = 9.3;
				MTL_ENABLE_DEBUG_INFO = YES;
				ONLY_ACTIVE_ARCH = YES;
				SDKROOT = iphoneos;
				SWIFT_OPTIMIZATION_LEVEL = "-Onone";
				TARGETED_DEVICE_FAMILY = "1,2";
			};
			name = Debug;
		};
		9C0B0C171DA4018F009EAB6D /* Release */ = {
			isa = XCBuildConfiguration;
			buildSettings = {
				ALWAYS_SEARCH_USER_PATHS = NO;
				CLANG_ANALYZER_NONNULL = YES;
				CLANG_CXX_LANGUAGE_STANDARD = "gnu++0x";
				CLANG_CXX_LIBRARY = "libc++";
				CLANG_ENABLE_MODULES = YES;
				CLANG_ENABLE_OBJC_ARC = YES;
				CLANG_WARN_BOOL_CONVERSION = YES;
				CLANG_WARN_CONSTANT_CONVERSION = YES;
				CLANG_WARN_DIRECT_OBJC_ISA_USAGE = YES_ERROR;
				CLANG_WARN_EMPTY_BODY = YES;
				CLANG_WARN_ENUM_CONVERSION = YES;
				CLANG_WARN_INT_CONVERSION = YES;
				CLANG_WARN_OBJC_ROOT_CLASS = YES_ERROR;
				CLANG_WARN_UNREACHABLE_CODE = YES;
				CLANG_WARN__DUPLICATE_METHOD_MATCH = YES;
				"CODE_SIGN_IDENTITY[sdk=iphoneos*]" = "iPhone Developer";
				COPY_PHASE_STRIP = NO;
				DEBUG_INFORMATION_FORMAT = "dwarf-with-dsym";
				ENABLE_NS_ASSERTIONS = NO;
				ENABLE_STRICT_OBJC_MSGSEND = YES;
				GCC_C_LANGUAGE_STANDARD = gnu99;
				GCC_NO_COMMON_BLOCKS = YES;
				GCC_WARN_64_TO_32_BIT_CONVERSION = YES;
				GCC_WARN_ABOUT_RETURN_TYPE = YES_ERROR;
				GCC_WARN_UNDECLARED_SELECTOR = YES;
				GCC_WARN_UNINITIALIZED_AUTOS = YES_AGGRESSIVE;
				GCC_WARN_UNUSED_FUNCTION = YES;
				GCC_WARN_UNUSED_VARIABLE = YES;
				IPHONEOS_DEPLOYMENT_TARGET = 9.3;
				MTL_ENABLE_DEBUG_INFO = NO;
				SDKROOT = iphoneos;
				TARGETED_DEVICE_FAMILY = "1,2";
				VALIDATE_PRODUCT = YES;
			};
			name = Release;
		};
		9C0B0C191DA4018F009EAB6D /* Debug */ = {
			isa = XCBuildConfiguration;
			baseConfigurationReference = 44F2782C1AF79BF48BA14301 /* Pods-iosCapstone.debug.xcconfig */;
			buildSettings = {
				ASSETCATALOG_COMPILER_APPICON_NAME = AppIcon;
				INFOPLIST_FILE = iosCapstone/Info.plist;
				LD_RUNPATH_SEARCH_PATHS = "$(inherited) @executable_path/Frameworks";
				PRODUCT_BUNDLE_IDENTIFIER = attacktic.iosCapstone;
				PRODUCT_NAME = "$(TARGET_NAME)";
			};
			name = Debug;
		};
		9C0B0C1A1DA4018F009EAB6D /* Release */ = {
			isa = XCBuildConfiguration;
			baseConfigurationReference = 49B7881D2F7B463359FDC890 /* Pods-iosCapstone.release.xcconfig */;
			buildSettings = {
				ASSETCATALOG_COMPILER_APPICON_NAME = AppIcon;
				INFOPLIST_FILE = iosCapstone/Info.plist;
				LD_RUNPATH_SEARCH_PATHS = "$(inherited) @executable_path/Frameworks";
				PRODUCT_BUNDLE_IDENTIFIER = attacktic.iosCapstone;
				PRODUCT_NAME = "$(TARGET_NAME)";
			};
			name = Release;
		};
/* End XCBuildConfiguration section */

/* Begin XCConfigurationList section */
		9C0B0C011DA4018E009EAB6D /* Build configuration list for PBXProject "iosCapstone" */ = {
			isa = XCConfigurationList;
			buildConfigurations = (
				9C0B0C161DA4018F009EAB6D /* Debug */,
				9C0B0C171DA4018F009EAB6D /* Release */,
			);
			defaultConfigurationIsVisible = 0;
			defaultConfigurationName = Release;
		};
		9C0B0C181DA4018F009EAB6D /* Build configuration list for PBXNativeTarget "iosCapstone" */ = {
			isa = XCConfigurationList;
			buildConfigurations = (
				9C0B0C191DA4018F009EAB6D /* Debug */,
				9C0B0C1A1DA4018F009EAB6D /* Release */,
			);
			defaultConfigurationIsVisible = 0;
			defaultConfigurationName = Release;
		};
/* End XCConfigurationList section */
	};
	rootObject = 9C0B0BFE1DA4018E009EAB6D /* Project object */;
}
